<?xml version="1.0" encoding="utf-8"?>
<Project ToolsVersion="4.0" xmlns="http://schemas.microsoft.com/developer/msbuild/2003">
  <ItemGroup>
    <Filter Include="Class">
      <UniqueIdentifier>{59fb7fe6-76dd-4a8b-853c-12ca4bfd96d9}</UniqueIdentifier>
    </Filter>
  </ItemGroup>
  <ItemGroup>
    <ClCompile Include="main.cpp" />
    <ClCompile Include="Class\battle.cpp">
      <Filter>Class</Filter>
    </ClCompile>
    <ClCompile Include="Class\pokemon.cpp">
      <Filter>Class</Filter>
    </ClCompile>
  </ItemGroup>
  <ItemGroup>
    <ClInclude Include="Class\pokemon.h">
      <Filter>Class</Filter>
    </ClInclude>
    <ClInclude Include="Class\battle.h">
      <Filter>Class</Filter>
    </ClInclude>
  </ItemGroup>
</Project>